tags:
  - Secret Lock routes
summary: Get secret lock information
description: Gets the hash lock for a given composite hash.
operationId: getSecretLock
parameters:
  - $ref: "../../../parameters/path/compositeHash.yml"
responses:
  "200":
    description: success
    content:
      application/json:
        schema:
          $ref: "../schemas/SecretLockInfoDTO.yml"
  "409":
    $ref : "../../../responses/InvalidArgument.yml"
