tags:
  - Secret Lock routes
summary: Search secret lock entries
description: Returns an array of secret locks.
operationId: searchSecretLock
parameters:
  - $ref: "../../../parameters/query/addressQuery.yml"
  - $ref: "../../../parameters/query/secretQuery.yml"
  - $ref: "../../../parameters/query/pageSizeQuery.yml"
  - $ref: "../../../parameters/query/pageNumberQuery.yml"
  - $ref: "../../../parameters/query/offsetQuery.yml"
  - $ref: "../../../parameters/query/orderQuery.yml"
responses:
  "200":
    description: success
    content:
      application/json:
        schema:
          $ref: "../schemas/SecretLockPage.yml"
  "409":
    $ref : "../../../responses/InvalidArgument.yml"
