tags:
  - Secret Lock routes
summary: Search secret lock entries
description: Returns an array of secret locks.
operationId: searchSecretLock
parameters:
  - $ref: "../../../parameters/path/address.yml"
  - $ref: "../../../parameters/query/secret.yml"
  - $ref: "../../../parameters/query/pageSize.yml"
  - $ref: "../../../parameters/query/pageNumber.yml"
  - $ref: "../../../parameters/query/offset.yml"
  - $ref: "../../../parameters/query/order.yml"
responses:
  "200":
    description: success
    content:
      application/json:
        schema:
          $ref: "../schemas/SecretLockPage.yml"
  "409":
    $ref : "../../../responses/InvalidArgument.yml"
